
Microsoft Visual Studio Solution File, Format Version 12.00
# Visual Studio Version 16
VisualStudioVersion = 16.0.30413.136
MinimumVisualStudioVersion = 10.0.40219.1
Project("{FAE04EC0-301F-11D3-BF4B-00C04F79EFBC}") = "AzertyGithub", "AzertyGithub\AzertyGithub.csproj", "{6A3ABA5E-98D2-4195-BCEA-E997F0294AE5}"
EndProject
Project("{FAE04EC0-301F-11D3-BF4B-00C04F79EFBC}") = "MetierAzerty", "MetierAzerty\MetierAzerty.csproj", "{B6EC9578-8909-429D-B5F8-051A00E1931A}"
EndProject
Global
	GlobalSection(SolutionConfigurationPlatforms) = preSolution
		Debug|Any CPU = Debug|Any CPU
		Release|Any CPU = Release|Any CPU
	EndGlobalSection
	GlobalSection(ProjectConfigurationPlatforms) = postSolution
		{6A3ABA5E-98D2-4195-BCEA-E997F0294AE5}.Debug|Any CPU.ActiveCfg = Debug|Any CPU
		{6A3ABA5E-98D2-4195-BCEA-E997F0294AE5}.Debug|Any CPU.Build.0 = Debug|Any CPU
		{6A3ABA5E-98D2-4195-BCEA-E997F0294AE5}.Release|Any CPU.ActiveCfg = Release|Any CPU
		{6A3ABA5E-98D2-4195-BCEA-E997F0294AE5}.Release|Any CPU.Build.0 = Release|Any CPU
		{B6EC9578-8909-429D-B5F8-051A00E1931A}.Debug|Any CPU.ActiveCfg = Debug|Any CPU
		{B6EC9578-8909-429D-B5F8-051A00E1931A}.Debug|Any CPU.Build.0 = Debug|Any CPU
		{B6EC9578-8909-429D-B5F8-051A00E1931A}.Release|Any CPU.ActiveCfg = Release|Any CPU
		{B6EC9578-8909-429D-B5F8-051A00E1931A}.Release|Any CPU.Build.0 = Release|Any CPU
	EndGlobalSection
	GlobalSection(SolutionProperties) = preSolution
		HideSolutionNode = FALSE
	EndGlobalSection
	GlobalSection(ExtensibilityGlobals) = postSolution
		SolutionGuid = {1A24DD5C-9F6D-4AE3-BAD6-763CED7A802D}
	EndGlobalSection
EndGlobal
